# This file is automatically @generated by Cargo.
# It is not intended for manual editing.
version = 4

[[package]]
name = "pattern-cli"
version = "0.1.0"

[[package]]
name = "pattern_core"
version = "0.1.0"

[[package]]
name = "pattern_document"
version = "0.1.0"

[[package]]
name = "pattern_export"
version = "0.1.0"

[[package]]
name = "pattern_material"
version = "0.1.0"

[[package]]
name = "pattern_render"
version = "0.1.0"

[[package]]
name = "pattern_templates"
version = "0.1.0"

[[package]]
name = "pattern_ui"
version = "0.1.0"

[[package]]
name = "pattern_web"
version = "0.1.0"
